// !$*UTF8*$!
{
	archiveVersion = 1;
	classes = {
	};
	objectVersion = 56;
	objects = {

/* Begin PBXBuildFile section */
		7B1A4872298DD36700EF509E /* MeetingHeaderView.swift in Sources */ = {isa = PBXBuildFile; fileRef = 7B1A4871298DD36700EF509E /* MeetingHeaderView.swift */; };
		7B1A4879298E9CB000EF509E /* ScrumProgressViewStyle.swift in Sources */ = {isa = PBXBuildFile; fileRef = 7B1A4877298E9BDE00EF509E /* ScrumProgressViewStyle.swift */; };
		7B1A487C298E9E4700EF509E /* ScrumTimer.swift in Sources */ = {isa = PBXBuildFile; fileRef = 7B1A487B298E9E4700EF509E /* ScrumTimer.swift */; };
		7B1A487E298EA95E00EF509E /* MeetingFooterView.swift in Sources */ = {isa = PBXBuildFile; fileRef = 7B1A487D298EA95E00EF509E /* MeetingFooterView.swift */; };
		7B1A4880298EB0E200EF509E /* AVPlayer+Ding.swift in Sources */ = {isa = PBXBuildFile; fileRef = 7B1A487F298EB0E200EF509E /* AVPlayer+Ding.swift */; };
		7B1A4892298EB3DC00EF509E /* ding.wav in Resources */ = {isa = PBXBuildFile; fileRef = 7B1A4891298EB3DC00EF509E /* ding.wav */; };
		7B1A4894298EBDC900EF509E /* History.swift in Sources */ = {isa = PBXBuildFile; fileRef = 7B1A4893298EBDC900EF509E /* History.swift */; };
		7B1A4896298EC19600EF509E /* ScrumStore.swift in Sources */ = {isa = PBXBuildFile; fileRef = 7B1A4895298EC19600EF509E /* ScrumStore.swift */; };
		7B1A4898298ED14500EF509E /* ErrorWrapper.swift in Sources */ = {isa = PBXBuildFile; fileRef = 7B1A4897298ED14500EF509E /* ErrorWrapper.swift */; };
		7BE5A5FE29849BE6006BC1A6 /* ScrumdingerApp.swift in Sources */ = {isa = PBXBuildFile; fileRef = 7BE5A5FD29849BE6006BC1A6 /* ScrumdingerApp.swift */; };
		7BE5A60029849BE6006BC1A6 /* MeetingView.swift in Sources */ = {isa = PBXBuildFile; fileRef = 7BE5A5FF29849BE6006BC1A6 /* MeetingView.swift */; };
		7BE5A60229849BE7006BC1A6 /* Assets.xcassets in Resources */ = {isa = PBXBuildFile; fileRef = 7BE5A60129849BE7006BC1A6 /* Assets.xcassets */; };
		7BE5A60529849BE7006BC1A6 /* Preview Assets.xcassets in Resources */ = {isa = PBXBuildFile; fileRef = 7BE5A60429849BE7006BC1A6 /* Preview Assets.xcassets */; };
		7BE5A60F29849BE7006BC1A6 /* ScrumdingerTests.swift in Sources */ = {isa = PBXBuildFile; fileRef = 7BE5A60E29849BE7006BC1A6 /* ScrumdingerTests.swift */; };
		7BE5A61929849BE7006BC1A6 /* ScrumdingerUITests.swift in Sources */ = {isa = PBXBuildFile; fileRef = 7BE5A61829849BE7006BC1A6 /* ScrumdingerUITests.swift */; };
		7BE5A61B29849BE7006BC1A6 /* ScrumdingerUITestsLaunchTests.swift in Sources */ = {isa = PBXBuildFile; fileRef = 7BE5A61A29849BE7006BC1A6 /* ScrumdingerUITestsLaunchTests.swift */; };
		7BF9407929855E0000F6F4BC /* Theme.swift in Sources */ = {isa = PBXBuildFile; fileRef = 7BF9407829855E0000F6F4BC /* Theme.swift */; };
		7BF9407B2985605700F6F4BC /* DailyScrum.swift in Sources */ = {isa = PBXBuildFile; fileRef = 7BF9407A2985605700F6F4BC /* DailyScrum.swift */; };
		7BF9407E2985628300F6F4BC /* CardView.swift in Sources */ = {isa = PBXBuildFile; fileRef = 7BF9407D2985628300F6F4BC /* CardView.swift */; };
		7BF940802985687D00F6F4BC /* LableStyle.swift in Sources */ = {isa = PBXBuildFile; fileRef = 7BF9407F2985687D00F6F4BC /* LableStyle.swift */; };
		7BF9408229856C3400F6F4BC /* ScrumsView.swift in Sources */ = {isa = PBXBuildFile; fileRef = 7BF9408129856C3400F6F4BC /* ScrumsView.swift */; };
		7BF940892985A08C00F6F4BC /* DetailView.swift in Sources */ = {isa = PBXBuildFile; fileRef = 7BF940882985A08C00F6F4BC /* DetailView.swift */; };
		7BF9408B2985E1F800F6F4BC /* DetailEditView.swift in Sources */ = {isa = PBXBuildFile; fileRef = 7BF9408A2985E1F800F6F4BC /* DetailEditView.swift */; };
		7BF9408D29888B2600F6F4BC /* ThemeView.swift in Sources */ = {isa = PBXBuildFile; fileRef = 7BF9408C29888B2600F6F4BC /* ThemeView.swift */; };
		7BF9408F29888F3C00F6F4BC /* ThemePicker.swift in Sources */ = {isa = PBXBuildFile; fileRef = 7BF9408E29888F3C00F6F4BC /* ThemePicker.swift */; };
/* End PBXBuildFile section */

/* Begin PBXContainerItemProxy section */
		7BE5A60B29849BE7006BC1A6 /* PBXContainerItemProxy */ = {
			isa = PBXContainerItemProxy;
			containerPortal = 7BE5A5F229849BE5006BC1A6 /* Project object */;
			proxyType = 1;
			remoteGlobalIDString = 7BE5A5F929849BE6006BC1A6;
			remoteInfo = Scrumdinger;
		};
		7BE5A61529849BE7006BC1A6 /* PBXContainerItemProxy */ = {
			isa = PBXContainerItemProxy;
			containerPortal = 7BE5A5F229849BE5006BC1A6 /* Project object */;
			proxyType = 1;
			remoteGlobalIDString = 7BE5A5F929849BE6006BC1A6;
			remoteInfo = Scrumdinger;
		};
/* End PBXContainerItemProxy section */

/* Begin PBXFileReference section */
		7B1A4871298DD36700EF509E /* MeetingHeaderView.swift */ = {isa = PBXFileReference; lastKnownFileType = sourcecode.swift; path = MeetingHeaderView.swift; sourceTree = "<group>"; };
		7B1A4877298E9BDE00EF509E /* ScrumProgressViewStyle.swift */ = {isa = PBXFileReference; lastKnownFileType = sourcecode.swift; path = ScrumProgressViewStyle.swift; sourceTree = "<group>"; };
		7B1A487B298E9E4700EF509E /* ScrumTimer.swift */ = {isa = PBXFileReference; lastKnownFileType = sourcecode.swift; path = ScrumTimer.swift; sourceTree = "<group>"; };
		7B1A487D298EA95E00EF509E /* MeetingFooterView.swift */ = {isa = PBXFileReference; lastKnownFileType = sourcecode.swift; path = MeetingFooterView.swift; sourceTree = "<group>"; };
		7B1A487F298EB0E200EF509E /* AVPlayer+Ding.swift */ = {isa = PBXFileReference; lastKnownFileType = sourcecode.swift; path = "AVPlayer+Ding.swift"; sourceTree = "<group>"; };
		7B1A4891298EB3DC00EF509E /* ding.wav */ = {isa = PBXFileReference; lastKnownFileType = audio.wav; path = ding.wav; sourceTree = "<group>"; };
		7B1A4893298EBDC900EF509E /* History.swift */ = {isa = PBXFileReference; lastKnownFileType = sourcecode.swift; path = History.swift; sourceTree = "<group>"; };
		7B1A4895298EC19600EF509E /* ScrumStore.swift */ = {isa = PBXFileReference; lastKnownFileType = sourcecode.swift; path = ScrumStore.swift; sourceTree = "<group>"; };
		7B1A4897298ED14500EF509E /* ErrorWrapper.swift */ = {isa = PBXFileReference; lastKnownFileType = sourcecode.swift; path = ErrorWrapper.swift; sourceTree = "<group>"; };
		7BE5A5FA29849BE6006BC1A6 /* Scrumdinger.app */ = {isa = PBXFileReference; explicitFileType = wrapper.application; includeInIndex = 0; path = Scrumdinger.app; sourceTree = BUILT_PRODUCTS_DIR; };
		7BE5A5FD29849BE6006BC1A6 /* ScrumdingerApp.swift */ = {isa = PBXFileReference; lastKnownFileType = sourcecode.swift; path = ScrumdingerApp.swift; sourceTree = "<group>"; };
		7BE5A5FF29849BE6006BC1A6 /* MeetingView.swift */ = {isa = PBXFileReference; lastKnownFileType = sourcecode.swift; path = MeetingView.swift; sourceTree = "<group>"; };
		7BE5A60129849BE7006BC1A6 /* Assets.xcassets */ = {isa = PBXFileReference; lastKnownFileType = folder.assetcatalog; path = Assets.xcassets; sourceTree = "<group>"; };
		7BE5A60429849BE7006BC1A6 /* Preview Assets.xcassets */ = {isa = PBXFileReference; lastKnownFileType = folder.assetcatalog; path = "Preview Assets.xcassets"; sourceTree = "<group>"; };
		7BE5A60A29849BE7006BC1A6 /* ScrumdingerTests.xctest */ = {isa = PBXFileReference; explicitFileType = wrapper.cfbundle; includeInIndex = 0; path = ScrumdingerTests.xctest; sourceTree = BUILT_PRODUCTS_DIR; };
		7BE5A60E29849BE7006BC1A6 /* ScrumdingerTests.swift */ = {isa = PBXFileReference; lastKnownFileType = sourcecode.swift; path = ScrumdingerTests.swift; sourceTree = "<group>"; };
		7BE5A61429849BE7006BC1A6 /* ScrumdingerUITests.xctest */ = {isa = PBXFileReference; explicitFileType = wrapper.cfbundle; includeInIndex = 0; path = ScrumdingerUITests.xctest; sourceTree = BUILT_PRODUCTS_DIR; };
		7BE5A61829849BE7006BC1A6 /* ScrumdingerUITests.swift */ = {isa = PBXFileReference; lastKnownFileType = sourcecode.swift; path = ScrumdingerUITests.swift; sourceTree = "<group>"; };
		7BE5A61A29849BE7006BC1A6 /* ScrumdingerUITestsLaunchTests.swift */ = {isa = PBXFileReference; lastKnownFileType = sourcecode.swift; path = ScrumdingerUITestsLaunchTests.swift; sourceTree = "<group>"; };
		7BF9407829855E0000F6F4BC /* Theme.swift */ = {isa = PBXFileReference; lastKnownFileType = sourcecode.swift; path = Theme.swift; sourceTree = "<group>"; };
		7BF9407A2985605700F6F4BC /* DailyScrum.swift */ = {isa = PBXFileReference; lastKnownFileType = sourcecode.swift; path = DailyScrum.swift; sourceTree = "<group>"; };
		7BF9407D2985628300F6F4BC /* CardView.swift */ = {isa = PBXFileReference; lastKnownFileType = sourcecode.swift; path = CardView.swift; sourceTree = "<group>"; };
		7BF9407F2985687D00F6F4BC /* LableStyle.swift */ = {isa = PBXFileReference; lastKnownFileType = sourcecode.swift; path = LableStyle.swift; sourceTree = "<group>"; };
		7BF9408129856C3400F6F4BC /* ScrumsView.swift */ = {isa = PBXFileReference; lastKnownFileType = sourcecode.swift; path = ScrumsView.swift; sourceTree = "<group>"; };
		7BF940882985A08C00F6F4BC /* DetailView.swift */ = {isa = PBXFileReference; lastKnownFileType = sourcecode.swift; path = DetailView.swift; sourceTree = "<group>"; };
		7BF9408A2985E1F800F6F4BC /* DetailEditView.swift */ = {isa = PBXFileReference; lastKnownFileType = sourcecode.swift; path = DetailEditView.swift; sourceTree = "<group>"; };
		7BF9408C29888B2600F6F4BC /* ThemeView.swift */ = {isa = PBXFileReference; lastKnownFileType = sourcecode.swift; path = ThemeView.swift; sourceTree = "<group>"; };
		7BF9408E29888F3C00F6F4BC /* ThemePicker.swift */ = {isa = PBXFileReference; lastKnownFileType = sourcecode.swift; path = ThemePicker.swift; sourceTree = "<group>"; };
/* End PBXFileReference section */

/* Begin PBXFrameworksBuildPhase section */
		7BE5A5F729849BE6006BC1A6 /* Frameworks */ = {
			isa = PBXFrameworksBuildPhase;
			buildActionMask = 2147483647;
			files = (
			);
			runOnlyForDeploymentPostprocessing = 0;
		};
		7BE5A60729849BE7006BC1A6 /* Frameworks */ = {
			isa = PBXFrameworksBuildPhase;
			buildActionMask = 2147483647;
			files = (
			);
			runOnlyForDeploymentPostprocessing = 0;
		};
		7BE5A61129849BE7006BC1A6 /* Frameworks */ = {
			isa = PBXFrameworksBuildPhase;
			buildActionMask = 2147483647;
			files = (
			);
			runOnlyForDeploymentPostprocessing = 0;
		};
/* End PBXFrameworksBuildPhase section */

/* Begin PBXGroup section */
		7B1A4873298E9ADF00EF509E /* Meeting */ = {
			isa = PBXGroup;
			children = (
				7BE5A5FF29849BE6006BC1A6 /* MeetingView.swift */,
				7B1A4871298DD36700EF509E /* MeetingHeaderView.swift */,
				7B1A487D298EA95E00EF509E /* MeetingFooterView.swift */,
			);
			path = Meeting;
			sourceTree = "<group>";
		};
		7B1A4874298E9B0100EF509E /* ScrumDetail */ = {
			isa = PBXGroup;
			children = (
				7BF940882985A08C00F6F4BC /* DetailView.swift */,
				7BF9408A2985E1F800F6F4BC /* DetailEditView.swift */,
			);
			path = ScrumDetail;
			sourceTree = "<group>";
		};
		7B1A4875298E9B3100EF509E /* Theme */ = {
			isa = PBXGroup;
			children = (
				7BF9408C29888B2600F6F4BC /* ThemeView.swift */,
				7BF9408E29888F3C00F6F4BC /* ThemePicker.swift */,
			);
			path = Theme;
			sourceTree = "<group>";
		};
		7B1A4876298E9BC800EF509E /* Scrum */ = {
			isa = PBXGroup;
			children = (
				7B1A487A298E9DF500EF509E /* Components */,
				7BF9408129856C3400F6F4BC /* ScrumsView.swift */,
				7B1A4877298E9BDE00EF509E /* ScrumProgressViewStyle.swift */,
			);
			path = Scrum;
			sourceTree = "<group>";
		};
		7B1A487A298E9DF500EF509E /* Components */ = {
			isa = PBXGroup;
			children = (
				7BF9407D2985628300F6F4BC /* CardView.swift */,
				7BF9407F2985687D00F6F4BC /* LableStyle.swift */,
			);
			path = Components;
			sourceTree = "<group>";
		};
		7B1A488E298EB3B600EF509E /* Resources */ = {
			isa = PBXGroup;
			children = (
				7B1A4891298EB3DC00EF509E /* ding.wav */,
			);
			path = Resources;
			sourceTree = "<group>";
		};
		7BE5A5F129849BE5006BC1A6 = {
			isa = PBXGroup;
			children = (
				7BE5A5FC29849BE6006BC1A6 /* Scrumdinger */,
				7BE5A60D29849BE7006BC1A6 /* ScrumdingerTests */,
				7BE5A61729849BE7006BC1A6 /* ScrumdingerUITests */,
				7BE5A5FB29849BE6006BC1A6 /* Products */,
			);
			sourceTree = "<group>";
		};
		7BE5A5FB29849BE6006BC1A6 /* Products */ = {
			isa = PBXGroup;
			children = (
				7BE5A5FA29849BE6006BC1A6 /* Scrumdinger.app */,
				7BE5A60A29849BE7006BC1A6 /* ScrumdingerTests.xctest */,
				7BE5A61429849BE7006BC1A6 /* ScrumdingerUITests.xctest */,
			);
			name = Products;
			sourceTree = "<group>";
		};
		7BE5A5FC29849BE6006BC1A6 /* Scrumdinger */ = {
			isa = PBXGroup;
			children = (
				7B1A488E298EB3B600EF509E /* Resources */,
				7BF9407729855DEE00F6F4BC /* Models */,
				7BE5A5FD29849BE6006BC1A6 /* ScrumdingerApp.swift */,
				7BF9407C2985627200F6F4BC /* Screens */,
				7BE5A60129849BE7006BC1A6 /* Assets.xcassets */,
				7BE5A60329849BE7006BC1A6 /* Preview Content */,
			);
			path = Scrumdinger;
			sourceTree = "<group>";
		};
		7BE5A60329849BE7006BC1A6 /* Preview Content */ = {
			isa = PBXGroup;
			children = (
				7BE5A60429849BE7006BC1A6 /* Preview Assets.xcassets */,
			);
			path = "Preview Content";
			sourceTree = "<group>";
		};
		7BE5A60D29849BE7006BC1A6 /* ScrumdingerTests */ = {
			isa = PBXGroup;
			children = (
				7BE5A60E29849BE7006BC1A6 /* ScrumdingerTests.swift */,
			);
			path = ScrumdingerTests;
			sourceTree = "<group>";
		};
		7BE5A61729849BE7006BC1A6 /* ScrumdingerUITests */ = {
			isa = PBXGroup;
			children = (
				7BE5A61829849BE7006BC1A6 /* ScrumdingerUITests.swift */,
				7BE5A61A29849BE7006BC1A6 /* ScrumdingerUITestsLaunchTests.swift */,
			);
			path = ScrumdingerUITests;
			sourceTree = "<group>";
		};
		7BF9407729855DEE00F6F4BC /* Models */ = {
			isa = PBXGroup;
			children = (
				7BF9407829855E0000F6F4BC /* Theme.swift */,
				7BF9407A2985605700F6F4BC /* DailyScrum.swift */,
				7B1A487B298E9E4700EF509E /* ScrumTimer.swift */,
				7B1A487F298EB0E200EF509E /* AVPlayer+Ding.swift */,
				7B1A4893298EBDC900EF509E /* History.swift */,
				7B1A4895298EC19600EF509E /* ScrumStore.swift */,
				7B1A4897298ED14500EF509E /* ErrorWrapper.swift */,
			);
			path = Models;
			sourceTree = "<group>";
		};
		7BF9407C2985627200F6F4BC /* Screens */ = {
			isa = PBXGroup;
			children = (
				7B1A4873298E9ADF00EF509E /* Meeting */,
				7B1A4876298E9BC800EF509E /* Scrum */,
				7B1A4874298E9B0100EF509E /* ScrumDetail */,
				7B1A4875298E9B3100EF509E /* Theme */,
			);
			path = Screens;
			sourceTree = "<group>";
		};
/* End PBXGroup section */

/* Begin PBXNativeTarget section */
		7BE5A5F929849BE6006BC1A6 /* Scrumdinger */ = {
			isa = PBXNativeTarget;
			buildConfigurationList = 7BE5A61E29849BE7006BC1A6 /* Build configuration list for PBXNativeTarget "Scrumdinger" */;
			buildPhases = (
				7BE5A5F629849BE6006BC1A6 /* Sources */,
				7BE5A5F729849BE6006BC1A6 /* Frameworks */,
				7BE5A5F829849BE6006BC1A6 /* Resources */,
			);
			buildRules = (
			);
			dependencies = (
			);
			name = Scrumdinger;
			productName = Scrumdinger;
			productReference = 7BE5A5FA29849BE6006BC1A6 /* Scrumdinger.app */;
			productType = "com.apple.product-type.application";
		};
		7BE5A60929849BE7006BC1A6 /* ScrumdingerTests */ = {
			isa = PBXNativeTarget;
			buildConfigurationList = 7BE5A62129849BE7006BC1A6 /* Build configuration list for PBXNativeTarget "ScrumdingerTests" */;
			buildPhases = (
				7BE5A60629849BE7006BC1A6 /* Sources */,
				7BE5A60729849BE7006BC1A6 /* Frameworks */,
				7BE5A60829849BE7006BC1A6 /* Resources */,
			);
			buildRules = (
			);
			dependencies = (
				7BE5A60C29849BE7006BC1A6 /* PBXTargetDependency */,
			);
			name = ScrumdingerTests;
			productName = ScrumdingerTests;
			productReference = 7BE5A60A29849BE7006BC1A6 /* ScrumdingerTests.xctest */;
			productType = "com.apple.product-type.bundle.unit-test";
		};
		7BE5A61329849BE7006BC1A6 /* ScrumdingerUITests */ = {
			isa = PBXNativeTarget;
			buildConfigurationList = 7BE5A62429849BE7006BC1A6 /* Build configuration list for PBXNativeTarget "ScrumdingerUITests" */;
			buildPhases = (
				7BE5A61029849BE7006BC1A6 /* Sources */,
				7BE5A61129849BE7006BC1A6 /* Frameworks */,
				7BE5A61229849BE7006BC1A6 /* Resources */,
			);
			buildRules = (
			);
			dependencies = (
				7BE5A61629849BE7006BC1A6 /* PBXTargetDependency */,
			);
			name = ScrumdingerUITests;
			productName = ScrumdingerUITests;
			productReference = 7BE5A61429849BE7006BC1A6 /* ScrumdingerUITests.xctest */;
			productType = "com.apple.product-type.bundle.ui-testing";
		};
/* End PBXNativeTarget section */

/* Begin PBXProject section */
		7BE5A5F229849BE5006BC1A6 /* Project object */ = {
			isa = PBXProject;
			attributes = {
				BuildIndependentTargetsInParallel = 1;
				LastSwiftUpdateCheck = 1420;
				LastUpgradeCheck = 1420;
				TargetAttributes = {
					7BE5A5F929849BE6006BC1A6 = {
						CreatedOnToolsVersion = 14.2;
					};
					7BE5A60929849BE7006BC1A6 = {
						CreatedOnToolsVersion = 14.2;
						TestTargetID = 7BE5A5F929849BE6006BC1A6;
					};
					7BE5A61329849BE7006BC1A6 = {
						CreatedOnToolsVersion = 14.2;
						TestTargetID = 7BE5A5F929849BE6006BC1A6;
					};
				};
			};
			buildConfigurationList = 7BE5A5F529849BE6006BC1A6 /* Build configuration list for PBXProject "Scrumdinger" */;
			compatibilityVersion = "Xcode 14.0";
			developmentRegion = en;
			hasScannedForEncodings = 0;
			knownRegions = (
				en,
				Base,
			);
			mainGroup = 7BE5A5F129849BE5006BC1A6;
			productRefGroup = 7BE5A5FB29849BE6006BC1A6 /* Products */;
			projectDirPath = "";
			projectRoot = "";
			targets = (
				7BE5A5F929849BE6006BC1A6 /* Scrumdinger */,
				7BE5A60929849BE7006BC1A6 /* ScrumdingerTests */,
				7BE5A61329849BE7006BC1A6 /* ScrumdingerUITests */,
			);
		};
/* End PBXProject section */

/* Begin PBXResourcesBuildPhase section */
		7BE5A5F829849BE6006BC1A6 /* Resources */ = {
			isa = PBXResourcesBuildPhase;
			buildActionMask = 2147483647;
			files = (
				7B1A4892298EB3DC00EF509E /* ding.wav in Resources */,
				7BE5A60529849BE7006BC1A6 /* Preview Assets.xcassets in Resources */,
				7BE5A60229849BE7006BC1A6 /* Assets.xcassets in Resources */,
			);
			runOnlyForDeploymentPostprocessing = 0;
		};
		7BE5A60829849BE7006BC1A6 /* Resources */ = {
			isa = PBXResourcesBuildPhase;
			buildActionMask = 2147483647;
			files = (
			);
			runOnlyForDeploymentPostprocessing = 0;
		};
		7BE5A61229849BE7006BC1A6 /* Resources */ = {
			isa = PBXResourcesBuildPhase;
			buildActionMask = 2147483647;
			files = (
			);
			runOnlyForDeploymentPostprocessing = 0;
		};
/* End PBXResourcesBuildPhase section */

/* Begin PBXSourcesBuildPhase section */
		7BE5A5F629849BE6006BC1A6 /* Sources */ = {
			isa = PBXSourcesBuildPhase;
			buildActionMask = 2147483647;
			files = (
				7B1A4894298EBDC900EF509E /* History.swift in Sources */,
				7BF9408F29888F3C00F6F4BC /* ThemePicker.swift in Sources */,
				7B1A4879298E9CB000EF509E /* ScrumProgressViewStyle.swift in Sources */,
				7B1A487E298EA95E00EF509E /* MeetingFooterView.swift in Sources */,
				7B1A4896298EC19600EF509E /* ScrumStore.swift in Sources */,
				7B1A487C298E9E4700EF509E /* ScrumTimer.swift in Sources */,
				7BF9407B2985605700F6F4BC /* DailyScrum.swift in Sources */,
				7BF940892985A08C00F6F4BC /* DetailView.swift in Sources */,
				7B1A4872298DD36700EF509E /* MeetingHeaderView.swift in Sources */,
				7BF9408B2985E1F800F6F4BC /* DetailEditView.swift in Sources */,
				7B1A4898298ED14500EF509E /* ErrorWrapper.swift in Sources */,
				7BF9408229856C3400F6F4BC /* ScrumsView.swift in Sources */,
				7BF9407929855E0000F6F4BC /* Theme.swift in Sources */,
				7BF940802985687D00F6F4BC /* LableStyle.swift in Sources */,
				7BE5A60029849BE6006BC1A6 /* MeetingView.swift in Sources */,
				7BE5A5FE29849BE6006BC1A6 /* ScrumdingerApp.swift in Sources */,
				7BF9408D29888B2600F6F4BC /* ThemeView.swift in Sources */,
				7BF9407E2985628300F6F4BC /* CardView.swift in Sources */,
				7B1A4880298EB0E200EF509E /* AVPlayer+Ding.swift in Sources */,
			);
			runOnlyForDeploymentPostprocessing = 0;
		};
		7BE5A60629849BE7006BC1A6 /* Sources */ = {
			isa = PBXSourcesBuildPhase;
			buildActionMask = 2147483647;
			files = (
				7BE5A60F29849BE7006BC1A6 /* ScrumdingerTests.swift in Sources */,
			);
			runOnlyForDeploymentPostprocessing = 0;
		};
		7BE5A61029849BE7006BC1A6 /* Sources */ = {
			isa = PBXSourcesBuildPhase;
			buildActionMask = 2147483647;
			files = (
				7BE5A61B29849BE7006BC1A6 /* ScrumdingerUITestsLaunchTests.swift in Sources */,
				7BE5A61929849BE7006BC1A6 /* ScrumdingerUITests.swift in Sources */,
			);
			runOnlyForDeploymentPostprocessing = 0;
		};
/* End PBXSourcesBuildPhase section */

/* Begin PBXTargetDependency section */
		7BE5A60C29849BE7006BC1A6 /* PBXTargetDependency */ = {
			isa = PBXTargetDependency;
			target = 7BE5A5F929849BE6006BC1A6 /* Scrumdinger */;
			targetProxy = 7BE5A60B29849BE7006BC1A6 /* PBXContainerItemProxy */;
		};
		7BE5A61629849BE7006BC1A6 /* PBXTargetDependency */ = {
			isa = PBXTargetDependency;
			target = 7BE5A5F929849BE6006BC1A6 /* Scrumdinger */;
			targetProxy = 7BE5A61529849BE7006BC1A6 /* PBXContainerItemProxy */;
		};
/* End PBXTargetDependency section */

/* Begin XCBuildConfiguration section */
		7BE5A61C29849BE7006BC1A6 /* Debug */ = {
			isa = XCBuildConfiguration;
			buildSettings = {
				ALWAYS_SEARCH_USER_PATHS = NO;
				CLANG_ANALYZER_NONNULL = YES;
				CLANG_ANALYZER_NUMBER_OBJECT_CONVERSION = YES_AGGRESSIVE;
				CLANG_CXX_LANGUAGE_STANDARD = "gnu++20";
				CLANG_ENABLE_MODULES = YES;
				CLANG_ENABLE_OBJC_ARC = YES;
				CLANG_ENABLE_OBJC_WEAK = YES;
				CLANG_WARN_BLOCK_CAPTURE_AUTORELEASING = YES;
				CLANG_WARN_BOOL_CONVERSION = YES;
				CLANG_WARN_COMMA = YES;
				CLANG_WARN_CONSTANT_CONVERSION = YES;
				CLANG_WARN_DEPRECATED_OBJC_IMPLEMENTATIONS = YES;
				CLANG_WARN_DIRECT_OBJC_ISA_USAGE = YES_ERROR;
				CLANG_WARN_DOCUMENTATION_COMMENTS = YES;
				CLANG_WARN_EMPTY_BODY = YES;
				CLANG_WARN_ENUM_CONVERSION = YES;
				CLANG_WARN_INFINITE_RECURSION = YES;
				CLANG_WARN_INT_CONVERSION = YES;
				CLANG_WARN_NON_LITERAL_NULL_CONVERSION = YES;
				CLANG_WARN_OBJC_IMPLICIT_RETAIN_SELF = YES;
				CLANG_WARN_OBJC_LITERAL_CONVERSION = YES;
				CLANG_WARN_OBJC_ROOT_CLASS = YES_ERROR;
				CLANG_WARN_QUOTED_INCLUDE_IN_FRAMEWORK_HEADER = YES;
				CLANG_WARN_RANGE_LOOP_ANALYSIS = YES;
				CLANG_WARN_STRICT_PROTOTYPES = YES;
				CLANG_WARN_SUSPICIOUS_MOVE = YES;
				CLANG_WARN_UNGUARDED_AVAILABILITY = YES_AGGRESSIVE;
				CLANG_WARN_UNREACHABLE_CODE = YES;
				CLANG_WARN__DUPLICATE_METHOD_MATCH = YES;
				COPY_PHASE_STRIP = NO;
				DEBUG_INFORMATION_FORMAT = dwarf;
				ENABLE_STRICT_OBJC_MSGSEND = YES;
				ENABLE_TESTABILITY = YES;
				GCC_C_LANGUAGE_STANDARD = gnu11;
				GCC_DYNAMIC_NO_PIC = NO;
				GCC_NO_COMMON_BLOCKS = YES;
				GCC_OPTIMIZATION_LEVEL = 0;
				GCC_PREPROCESSOR_DEFINITIONS = (
					"DEBUG=1",
					"$(inherited)",
				);
				GCC_WARN_64_TO_32_BIT_CONVERSION = YES;
				GCC_WARN_ABOUT_RETURN_TYPE = YES_ERROR;
				GCC_WARN_UNDECLARED_SELECTOR = YES;
				GCC_WARN_UNINITIALIZED_AUTOS = YES_AGGRESSIVE;
				GCC_WARN_UNUSED_FUNCTION = YES;
				GCC_WARN_UNUSED_VARIABLE = YES;
				IPHONEOS_DEPLOYMENT_TARGET = 16.2;
				MTL_ENABLE_DEBUG_INFO = INCLUDE_SOURCE;
				MTL_FAST_MATH = YES;
				ONLY_ACTIVE_ARCH = YES;
				SDKROOT = iphoneos;
				SWIFT_ACTIVE_COMPILATION_CONDITIONS = DEBUG;
				SWIFT_OPTIMIZATION_LEVEL = "-Onone";
			};
			name = Debug;
		};
		7BE5A61D29849BE7006BC1A6 /* Release */ = {
			isa = XCBuildConfiguration;
			buildSettings = {
				ALWAYS_SEARCH_USER_PATHS = NO;
				CLANG_ANALYZER_NONNULL = YES;
				CLANG_ANALYZER_NUMBER_OBJECT_CONVERSION = YES_AGGRESSIVE;
				CLANG_CXX_LANGUAGE_STANDARD = "gnu++20";
				CLANG_ENABLE_MODULES = YES;
				CLANG_ENABLE_OBJC_ARC = YES;
				CLANG_ENABLE_OBJC_WEAK = YES;
				CLANG_WARN_BLOCK_CAPTURE_AUTORELEASING = YES;
				CLANG_WARN_BOOL_CONVERSION = YES;
				CLANG_WARN_COMMA = YES;
				CLANG_WARN_CONSTANT_CONVERSION = YES;
				CLANG_WARN_DEPRECATED_OBJC_IMPLEMENTATIONS = YES;
				CLANG_WARN_DIRECT_OBJC_ISA_USAGE = YES_ERROR;
				CLANG_WARN_DOCUMENTATION_COMMENTS = YES;
				CLANG_WARN_EMPTY_BODY = YES;
				CLANG_WARN_ENUM_CONVERSION = YES;
				CLANG_WARN_INFINITE_RECURSION = YES;
				CLANG_WARN_INT_CONVERSION = YES;
				CLANG_WARN_NON_LITERAL_NULL_CONVERSION = YES;
				CLANG_WARN_OBJC_IMPLICIT_RETAIN_SELF = YES;
				CLANG_WARN_OBJC_LITERAL_CONVERSION = YES;
				CLANG_WARN_OBJC_ROOT_CLASS = YES_ERROR;
				CLANG_WARN_QUOTED_INCLUDE_IN_FRAMEWORK_HEADER = YES;
				CLANG_WARN_RANGE_LOOP_ANALYSIS = YES;
				CLANG_WARN_STRICT_PROTOTYPES = YES;
				CLANG_WARN_SUSPICIOUS_MOVE = YES;
				CLANG_WARN_UNGUARDED_AVAILABILITY = YES_AGGRESSIVE;
				CLANG_WARN_UNREACHABLE_CODE = YES;
				CLANG_WARN__DUPLICATE_METHOD_MATCH = YES;
				COPY_PHASE_STRIP = NO;
				DEBUG_INFORMATION_FORMAT = "dwarf-with-dsym";
				ENABLE_NS_ASSERTIONS = NO;
				ENABLE_STRICT_OBJC_MSGSEND = YES;
				GCC_C_LANGUAGE_STANDARD = gnu11;
				GCC_NO_COMMON_BLOCKS = YES;
				GCC_WARN_64_TO_32_BIT_CONVERSION = YES;
				GCC_WARN_ABOUT_RETURN_TYPE = YES_ERROR;
				GCC_WARN_UNDECLARED_SELECTOR = YES;
				GCC_WARN_UNINITIALIZED_AUTOS = YES_AGGRESSIVE;
				GCC_WARN_UNUSED_FUNCTION = YES;
				GCC_WARN_UNUSED_VARIABLE = YES;
				IPHONEOS_DEPLOYMENT_TARGET = 16.2;
				MTL_ENABLE_DEBUG_INFO = NO;
				MTL_FAST_MATH = YES;
				SDKROOT = iphoneos;
				SWIFT_COMPILATION_MODE = wholemodule;
				SWIFT_OPTIMIZATION_LEVEL = "-O";
				VALIDATE_PRODUCT = YES;
			};
			name = Release;
		};
		7BE5A61F29849BE7006BC1A6 /* Debug */ = {
			isa = XCBuildConfiguration;
			buildSettings = {
				ASSETCATALOG_COMPILER_APPICON_NAME = AppIcon;
				ASSETCATALOG_COMPILER_GLOBAL_ACCENT_COLOR_NAME = AccentColor;
				CODE_SIGN_STYLE = Automatic;
				CURRENT_PROJECT_VERSION = 1;
				DEVELOPMENT_ASSET_PATHS = "\"Scrumdinger/Preview Content\"";
				DEVELOPMENT_TEAM = U2RRJBJ9M2;
				ENABLE_PREVIEWS = YES;
				GENERATE_INFOPLIST_FILE = YES;
				INFOPLIST_KEY_UIApplicationSceneManifest_Generation = YES;
				INFOPLIST_KEY_UIApplicationSupportsIndirectInputEvents = YES;
				INFOPLIST_KEY_UILaunchScreen_Generation = YES;
				INFOPLIST_KEY_UISupportedInterfaceOrientations_iPad = "UIInterfaceOrientationPortrait UIInterfaceOrientationPortraitUpsideDown UIInterfaceOrientationLandscapeLeft UIInterfaceOrientationLandscapeRight";
				INFOPLIST_KEY_UISupportedInterfaceOrientations_iPhone = "UIInterfaceOrientationPortrait UIInterfaceOrientationLandscapeLeft UIInterfaceOrientationLandscapeRight";
				IPHONEOS_DEPLOYMENT_TARGET = 15.0;
				LD_RUNPATH_SEARCH_PATHS = (
					"$(inherited)",
					"@executable_path/Frameworks",
				);
				MARKETING_VERSION = 1.0;
				PRODUCT_BUNDLE_IDENTIFIER = JausTechnology.Scrumdinger;
				PRODUCT_NAME = "$(TARGET_NAME)";
				SUPPORTED_PLATFORMS = "iphoneos iphonesimulator";
				SUPPORTS_MACCATALYST = NO;
				SUPPORTS_MAC_DESIGNED_FOR_IPHONE_IPAD = NO;
				SWIFT_EMIT_LOC_STRINGS = YES;
				SWIFT_VERSION = 5.0;
				TARGETED_DEVICE_FAMILY = "1,2";
			};
			name = Debug;
		};
		7BE5A62029849BE7006BC1A6 /* Release */ = {
			isa = XCBuildConfiguration;
			buildSettings = {
				ASSETCATALOG_COMPILER_APPICON_NAME = AppIcon;
				ASSETCATALOG_COMPILER_GLOBAL_ACCENT_COLOR_NAME = AccentColor;
				CODE_SIGN_STYLE = Automatic;
				CURRENT_PROJECT_VERSION = 1;
				DEVELOPMENT_ASSET_PATHS = "\"Scrumdinger/Preview Content\"";
				DEVELOPMENT_TEAM = U2RRJBJ9M2;
				ENABLE_PREVIEWS = YES;
				GENERATE_INFOPLIST_FILE = YES;
				INFOPLIST_KEY_UIApplicationSceneManifest_Generation = YES;
				INFOPLIST_KEY_UIApplicationSupportsIndirectInputEvents = YES;
				INFOPLIST_KEY_UILaunchScreen_Generation = YES;
				INFOPLIST_KEY_UISupportedInterfaceOrientations_iPad = "UIInterfaceOrientationPortrait UIInterfaceOrientationPortraitUpsideDown UIInterfaceOrientationLandscapeLeft UIInterfaceOrientationLandscapeRight";
				INFOPLIST_KEY_UISupportedInterfaceOrientations_iPhone = "UIInterfaceOrientationPortrait UIInterfaceOrientationLandscapeLeft UIInterfaceOrientationLandscapeRight";
				IPHONEOS_DEPLOYMENT_TARGET = 15.0;
				LD_RUNPATH_SEARCH_PATHS = (
					"$(inherited)",
					"@executable_path/Frameworks",
				);
				MARKETING_VERSION = 1.0;
				PRODUCT_BUNDLE_IDENTIFIER = JausTechnology.Scrumdinger;
				PRODUCT_NAME = "$(TARGET_NAME)";
				SUPPORTED_PLATFORMS = "iphoneos iphonesimulator";
				SUPPORTS_MACCATALYST = NO;
				SUPPORTS_MAC_DESIGNED_FOR_IPHONE_IPAD = NO;
				SWIFT_EMIT_LOC_STRINGS = YES;
				SWIFT_VERSION = 5.0;
				TARGETED_DEVICE_FAMILY = "1,2";
			};
			name = Release;
		};
		7BE5A62229849BE7006BC1A6 /* Debug */ = {
			isa = XCBuildConfiguration;
			buildSettings = {
				ALWAYS_EMBED_SWIFT_STANDARD_LIBRARIES = YES;
				BUNDLE_LOADER = "$(TEST_HOST)";
				CODE_SIGN_STYLE = Automatic;
				CURRENT_PROJECT_VERSION = 1;
				DEVELOPMENT_TEAM = U2RRJBJ9M2;
				GENERATE_INFOPLIST_FILE = YES;
				IPHONEOS_DEPLOYMENT_TARGET = 16.2;
				MARKETING_VERSION = 1.0;
				PRODUCT_BUNDLE_IDENTIFIER = JausTechnology.ScrumdingerTests;
				PRODUCT_NAME = "$(TARGET_NAME)";
				SWIFT_EMIT_LOC_STRINGS = NO;
				SWIFT_VERSION = 5.0;
				TARGETED_DEVICE_FAMILY = "1,2";
				TEST_HOST = "$(BUILT_PRODUCTS_DIR)/Scrumdinger.app/$(BUNDLE_EXECUTABLE_FOLDER_PATH)/Scrumdinger";
			};
			name = Debug;
		};
		7BE5A62329849BE7006BC1A6 /* Release */ = {
			isa = XCBuildConfiguration;
			buildSettings = {
				ALWAYS_EMBED_SWIFT_STANDARD_LIBRARIES = YES;
				BUNDLE_LOADER = "$(TEST_HOST)";
				CODE_SIGN_STYLE = Automatic;
				CURRENT_PROJECT_VERSION = 1;
				DEVELOPMENT_TEAM = U2RRJBJ9M2;
				GENERATE_INFOPLIST_FILE = YES;
				IPHONEOS_DEPLOYMENT_TARGET = 16.2;
				MARKETING_VERSION = 1.0;
				PRODUCT_BUNDLE_IDENTIFIER = JausTechnology.ScrumdingerTests;
				PRODUCT_NAME = "$(TARGET_NAME)";
				SWIFT_EMIT_LOC_STRINGS = NO;
				SWIFT_VERSION = 5.0;
				TARGETED_DEVICE_FAMILY = "1,2";
				TEST_HOST = "$(BUILT_PRODUCTS_DIR)/Scrumdinger.app/$(BUNDLE_EXECUTABLE_FOLDER_PATH)/Scrumdinger";
			};
			name = Release;
		};
		7BE5A62529849BE7006BC1A6 /* Debug */ = {
			isa = XCBuildConfiguration;
			buildSettings = {
				ALWAYS_EMBED_SWIFT_STANDARD_LIBRARIES = YES;
				CODE_SIGN_STYLE = Automatic;
				CURRENT_PROJECT_VERSION = 1;
				DEVELOPMENT_TEAM = U2RRJBJ9M2;
				GENERATE_INFOPLIST_FILE = YES;
				MARKETING_VERSION = 1.0;
				PRODUCT_BUNDLE_IDENTIFIER = JausTechnology.ScrumdingerUITests;
				PRODUCT_NAME = "$(TARGET_NAME)";
				SWIFT_EMIT_LOC_STRINGS = NO;
				SWIFT_VERSION = 5.0;
				TARGETED_DEVICE_FAMILY = "1,2";
				TEST_TARGET_NAME = Scrumdinger;
			};
			name = Debug;
		};
		7BE5A62629849BE7006BC1A6 /* Release */ = {
			isa = XCBuildConfiguration;
			buildSettings = {
				ALWAYS_EMBED_SWIFT_STANDARD_LIBRARIES = YES;
				CODE_SIGN_STYLE = Automatic;
				CURRENT_PROJECT_VERSION = 1;
				DEVELOPMENT_TEAM = U2RRJBJ9M2;
				GENERATE_INFOPLIST_FILE = YES;
				MARKETING_VERSION = 1.0;
				PRODUCT_BUNDLE_IDENTIFIER = JausTechnology.ScrumdingerUITests;
				PRODUCT_NAME = "$(TARGET_NAME)";
				SWIFT_EMIT_LOC_STRINGS = NO;
				SWIFT_VERSION = 5.0;
				TARGETED_DEVICE_FAMILY = "1,2";
				TEST_TARGET_NAME = Scrumdinger;
			};
			name = Release;
		};
/* End XCBuildConfiguration section */

/* Begin XCConfigurationList section */
		7BE5A5F529849BE6006BC1A6 /* Build configuration list for PBXProject "Scrumdinger" */ = {
			isa = XCConfigurationList;
			buildConfigurations = (
				7BE5A61C29849BE7006BC1A6 /* Debug */,
				7BE5A61D29849BE7006BC1A6 /* Release */,
			);
			defaultConfigurationIsVisible = 0;
			defaultConfigurationName = Release;
		};
		7BE5A61E29849BE7006BC1A6 /* Build configuration list for PBXNativeTarget "Scrumdinger" */ = {
			isa = XCConfigurationList;
			buildConfigurations = (
				7BE5A61F29849BE7006BC1A6 /* Debug */,
				7BE5A62029849BE7006BC1A6 /* Release */,
			);
			defaultConfigurationIsVisible = 0;
			defaultConfigurationName = Release;
		};
		7BE5A62129849BE7006BC1A6 /* Build configuration list for PBXNativeTarget "ScrumdingerTests" */ = {
			isa = XCConfigurationList;
			buildConfigurations = (
				7BE5A62229849BE7006BC1A6 /* Debug */,
				7BE5A62329849BE7006BC1A6 /* Release */,
			);
			defaultConfigurationIsVisible = 0;
			defaultConfigurationName = Release;
		};
		7BE5A62429849BE7006BC1A6 /* Build configuration list for PBXNativeTarget "ScrumdingerUITests" */ = {
			isa = XCConfigurationList;
			buildConfigurations = (
				7BE5A62529849BE7006BC1A6 /* Debug */,
				7BE5A62629849BE7006BC1A6 /* Release */,
			);
			defaultConfigurationIsVisible = 0;
			defaultConfigurationName = Release;
		};
/* End XCConfigurationList section */
	};
	rootObject = 7BE5A5F229849BE5006BC1A6 /* Project object */;
}
